
Microsoft Visual Studio Solution File, Format Version 12.00
# Visual Studio Version 17
VisualStudioVersion = 17.9.34616.47
MinimumVisualStudioVersion = 10.0.40219.1
Project("{9A19103F-16F7-4668-BE54-9A1E7A4F7556}") = "RibbetBoomboxCrazyFrog", "RibbetBoomboxCrazyFrog.csproj", "{AF03224A-5A1B-4388-B7B7-60129D7291D1}"
EndProject
Global
	GlobalSection(SolutionConfigurationPlatforms) = preSolution
		Debug|Any CPU = Debug|Any CPU
		Release|Any CPU = Release|Any CPU
	EndGlobalSection
	GlobalSection(ProjectConfigurationPlatforms) = postSolution
		{AF03224A-5A1B-4388-B7B7-60129D7291D1}.Debug|Any CPU.ActiveCfg = Debug|Any CPU
		{AF03224A-5A1B-4388-B7B7-60129D7291D1}.Debug|Any CPU.Build.0 = Debug|Any CPU
		{AF03224A-5A1B-4388-B7B7-60129D7291D1}.Release|Any CPU.ActiveCfg = Release|Any CPU
		{AF03224A-5A1B-4388-B7B7-60129D7291D1}.Release|Any CPU.Build.0 = Release|Any CPU
	EndGlobalSection
	GlobalSection(SolutionProperties) = preSolution
		HideSolutionNode = FALSE
	EndGlobalSection
	GlobalSection(ExtensibilityGlobals) = postSolution
		SolutionGuid = {794BBD9B-3823-48EC-A29B-E734590084A8}
	EndGlobalSection
EndGlobal
